
Microsoft Visual Studio Solution File, Format Version 12.00
# Visual Studio 15
VisualStudioVersion = 15.0.25807.0
MinimumVisualStudioVersion = 10.0.40219.1
Project("{2150E333-8FDC-42A3-9474-1A3956D46DE8}") = "Engine", "Engine", "{72D01BD7-00E0-4A1D-A67A-F395E71859BF}"
EndProject
Project("{2150E333-8FDC-42A3-9474-1A3956D46DE8}") = "Games", "Games", "{176C0ADE-23C1-498F-B622-964525A46046}"
EndProject
Project("{8BC9CEB8-8B4A-11D0-8D11-00A0C91BC942}") = "UE4", "Intermediate\ProjectFiles\UE4.vcxproj", "{04886610-0660-4AEF-A0FF-90BBDCAE87C7}"
EndProject
Project("{8BC9CEB8-8B4A-11D0-8D11-00A0C91BC942}") = "Introduction", "Intermediate\ProjectFiles\Introduction.vcxproj", "{AD9D8D1B-0421-4B61-8471-00AB2CD5EDFB}"
EndProject
Global
	GlobalSection(SolutionConfigurationPlatforms) = preSolution
		DebugGame Editor|HTML5 = DebugGame Editor|HTML5
		DebugGame Editor|Win32 = DebugGame Editor|Win32
		DebugGame Editor|Win64 = DebugGame Editor|Win64
		DebugGame|HTML5 = DebugGame|HTML5
		DebugGame|Win32 = DebugGame|Win32
		DebugGame|Win64 = DebugGame|Win64
		Development Editor|HTML5 = Development Editor|HTML5
		Development Editor|Win32 = Development Editor|Win32
		Development Editor|Win64 = Development Editor|Win64
		Development|HTML5 = Development|HTML5
		Development|Win32 = Development|Win32
		Development|Win64 = Development|Win64
		Shipping|HTML5 = Shipping|HTML5
		Shipping|Win32 = Shipping|Win32
		Shipping|Win64 = Shipping|Win64
	EndGlobalSection
	GlobalSection(ProjectConfigurationPlatforms) = postSolution
		{04886610-0660-4AEF-A0FF-90BBDCAE87C7}.DebugGame Editor|HTML5.ActiveCfg = BuiltWithUnrealBuildTool|Win32
		{04886610-0660-4AEF-A0FF-90BBDCAE87C7}.DebugGame Editor|HTML5.Build.0 = BuiltWithUnrealBuildTool|Win32
		{04886610-0660-4AEF-A0FF-90BBDCAE87C7}.DebugGame Editor|Win32.ActiveCfg = BuiltWithUnrealBuildTool|Win32
		{04886610-0660-4AEF-A0FF-90BBDCAE87C7}.DebugGame Editor|Win32.Build.0 = BuiltWithUnrealBuildTool|Win32
		{04886610-0660-4AEF-A0FF-90BBDCAE87C7}.DebugGame Editor|Win64.ActiveCfg = BuiltWithUnrealBuildTool|Win32
		{04886610-0660-4AEF-A0FF-90BBDCAE87C7}.DebugGame Editor|Win64.Build.0 = BuiltWithUnrealBuildTool|Win32
		{04886610-0660-4AEF-A0FF-90BBDCAE87C7}.DebugGame|HTML5.ActiveCfg = BuiltWithUnrealBuildTool|Win32
		{04886610-0660-4AEF-A0FF-90BBDCAE87C7}.DebugGame|HTML5.Build.0 = BuiltWithUnrealBuildTool|Win32
		{04886610-0660-4AEF-A0FF-90BBDCAE87C7}.DebugGame|Win32.ActiveCfg = BuiltWithUnrealBuildTool|Win32
		{04886610-0660-4AEF-A0FF-90BBDCAE87C7}.DebugGame|Win32.Build.0 = BuiltWithUnrealBuildTool|Win32
		{04886610-0660-4AEF-A0FF-90BBDCAE87C7}.DebugGame|Win64.ActiveCfg = BuiltWithUnrealBuildTool|Win32
		{04886610-0660-4AEF-A0FF-90BBDCAE87C7}.DebugGame|Win64.Build.0 = BuiltWithUnrealBuildTool|Win32
		{04886610-0660-4AEF-A0FF-90BBDCAE87C7}.Development Editor|HTML5.ActiveCfg = BuiltWithUnrealBuildTool|Win32
		{04886610-0660-4AEF-A0FF-90BBDCAE87C7}.Development Editor|HTML5.Build.0 = BuiltWithUnrealBuildTool|Win32
		{04886610-0660-4AEF-A0FF-90BBDCAE87C7}.Development Editor|Win32.ActiveCfg = BuiltWithUnrealBuildTool|Win32
		{04886610-0660-4AEF-A0FF-90BBDCAE87C7}.Development Editor|Win32.Build.0 = BuiltWithUnrealBuildTool|Win32
		{04886610-0660-4AEF-A0FF-90BBDCAE87C7}.Development Editor|Win64.ActiveCfg = BuiltWithUnrealBuildTool|Win32
		{04886610-0660-4AEF-A0FF-90BBDCAE87C7}.Development Editor|Win64.Build.0 = BuiltWithUnrealBuildTool|Win32
		{04886610-0660-4AEF-A0FF-90BBDCAE87C7}.Development|HTML5.ActiveCfg = BuiltWithUnrealBuildTool|Win32
		{04886610-0660-4AEF-A0FF-90BBDCAE87C7}.Development|HTML5.Build.0 = BuiltWithUnrealBuildTool|Win32
		{04886610-0660-4AEF-A0FF-90BBDCAE87C7}.Development|Win32.ActiveCfg = BuiltWithUnrealBuildTool|Win32
		{04886610-0660-4AEF-A0FF-90BBDCAE87C7}.Development|Win32.Build.0 = BuiltWithUnrealBuildTool|Win32
		{04886610-0660-4AEF-A0FF-90BBDCAE87C7}.Development|Win64.ActiveCfg = BuiltWithUnrealBuildTool|Win32
		{04886610-0660-4AEF-A0FF-90BBDCAE87C7}.Development|Win64.Build.0 = BuiltWithUnrealBuildTool|Win32
		{04886610-0660-4AEF-A0FF-90BBDCAE87C7}.Shipping|HTML5.ActiveCfg = BuiltWithUnrealBuildTool|Win32
		{04886610-0660-4AEF-A0FF-90BBDCAE87C7}.Shipping|HTML5.Build.0 = BuiltWithUnrealBuildTool|Win32
		{04886610-0660-4AEF-A0FF-90BBDCAE87C7}.Shipping|Win32.ActiveCfg = BuiltWithUnrealBuildTool|Win32
		{04886610-0660-4AEF-A0FF-90BBDCAE87C7}.Shipping|Win32.Build.0 = BuiltWithUnrealBuildTool|Win32
		{04886610-0660-4AEF-A0FF-90BBDCAE87C7}.Shipping|Win64.ActiveCfg = BuiltWithUnrealBuildTool|Win32
		{04886610-0660-4AEF-A0FF-90BBDCAE87C7}.Shipping|Win64.Build.0 = BuiltWithUnrealBuildTool|Win32
		{AD9D8D1B-0421-4B61-8471-00AB2CD5EDFB}.DebugGame Editor|HTML5.ActiveCfg = HTML5_DebugGame_Editor|Win32
		{AD9D8D1B-0421-4B61-8471-00AB2CD5EDFB}.DebugGame Editor|Win32.ActiveCfg = DebugGame_Editor|Win32
		{AD9D8D1B-0421-4B61-8471-00AB2CD5EDFB}.DebugGame Editor|Win64.ActiveCfg = DebugGame_Editor|x64
		{AD9D8D1B-0421-4B61-8471-00AB2CD5EDFB}.DebugGame Editor|Win64.Build.0 = DebugGame_Editor|x64
		{AD9D8D1B-0421-4B61-8471-00AB2CD5EDFB}.DebugGame|HTML5.ActiveCfg = HTML5_DebugGame_Game|Win32
		{AD9D8D1B-0421-4B61-8471-00AB2CD5EDFB}.DebugGame|HTML5.Build.0 = HTML5_DebugGame_Game|Win32
		{AD9D8D1B-0421-4B61-8471-00AB2CD5EDFB}.DebugGame|Win32.ActiveCfg = DebugGame_Game|Win32
		{AD9D8D1B-0421-4B61-8471-00AB2CD5EDFB}.DebugGame|Win32.Build.0 = DebugGame_Game|Win32
		{AD9D8D1B-0421-4B61-8471-00AB2CD5EDFB}.DebugGame|Win64.ActiveCfg = DebugGame_Game|x64
		{AD9D8D1B-0421-4B61-8471-00AB2CD5EDFB}.DebugGame|Win64.Build.0 = DebugGame_Game|x64
		{AD9D8D1B-0421-4B61-8471-00AB2CD5EDFB}.Development Editor|HTML5.ActiveCfg = HTML5_Development_Editor|Win32
		{AD9D8D1B-0421-4B61-8471-00AB2CD5EDFB}.Development Editor|Win32.ActiveCfg = Development_Editor|Win32
		{AD9D8D1B-0421-4B61-8471-00AB2CD5EDFB}.Development Editor|Win64.ActiveCfg = Development_Editor|x64
		{AD9D8D1B-0421-4B61-8471-00AB2CD5EDFB}.Development Editor|Win64.Build.0 = Development_Editor|x64
		{AD9D8D1B-0421-4B61-8471-00AB2CD5EDFB}.Development|HTML5.ActiveCfg = HTML5_Development_Game|Win32
		{AD9D8D1B-0421-4B61-8471-00AB2CD5EDFB}.Development|HTML5.Build.0 = HTML5_Development_Game|Win32
		{AD9D8D1B-0421-4B61-8471-00AB2CD5EDFB}.Development|Win32.ActiveCfg = Development_Game|Win32
		{AD9D8D1B-0421-4B61-8471-00AB2CD5EDFB}.Development|Win32.Build.0 = Development_Game|Win32
		{AD9D8D1B-0421-4B61-8471-00AB2CD5EDFB}.Development|Win64.ActiveCfg = Development_Game|x64
		{AD9D8D1B-0421-4B61-8471-00AB2CD5EDFB}.Development|Win64.Build.0 = Development_Game|x64
		{AD9D8D1B-0421-4B61-8471-00AB2CD5EDFB}.Shipping|HTML5.ActiveCfg = HTML5_Shipping_Game|Win32
		{AD9D8D1B-0421-4B61-8471-00AB2CD5EDFB}.Shipping|HTML5.Build.0 = HTML5_Shipping_Game|Win32
		{AD9D8D1B-0421-4B61-8471-00AB2CD5EDFB}.Shipping|Win32.ActiveCfg = Shipping_Game|Win32
		{AD9D8D1B-0421-4B61-8471-00AB2CD5EDFB}.Shipping|Win32.Build.0 = Shipping_Game|Win32
		{AD9D8D1B-0421-4B61-8471-00AB2CD5EDFB}.Shipping|Win64.ActiveCfg = Shipping_Game|x64
		{AD9D8D1B-0421-4B61-8471-00AB2CD5EDFB}.Shipping|Win64.Build.0 = Shipping_Game|x64
	EndGlobalSection
	GlobalSection(SolutionProperties) = preSolution
		HideSolutionNode = FALSE
	EndGlobalSection
	GlobalSection(NestedProjects) = preSolution
		{04886610-0660-4AEF-A0FF-90BBDCAE87C7} = {72D01BD7-00E0-4A1D-A67A-F395E71859BF}
		{AD9D8D1B-0421-4B61-8471-00AB2CD5EDFB} = {176C0ADE-23C1-498F-B622-964525A46046}
	EndGlobalSection
	GlobalSection(ExtensibilityGlobals) = postSolution
		SolutionGuid = {B1CA80D4-ED99-46B7-A67B-4F49571E8E9E}
	EndGlobalSection
EndGlobal
